// !$*UTF8*$!
{
	archiveVersion = 1;
	classes = {
	};
	objectVersion = 56;
	objects = {

/* Begin PBXBuildFile section */
		E94C9CDA2B6B3D2000DE77FA /* AppDelegate.swift in Sources */ = {isa = PBXBuildFile; fileRef = E94C9CD92B6B3D2000DE77FA /* AppDelegate.swift */; };
		E94C9CDC2B6B3D2000DE77FA /* SceneDelegate.swift in Sources */ = {isa = PBXBuildFile; fileRef = E94C9CDB2B6B3D2000DE77FA /* SceneDelegate.swift */; };
		E94C9CDE2B6B3D2000DE77FA /* ViewController.swift in Sources */ = {isa = PBXBuildFile; fileRef = E94C9CDD2B6B3D2000DE77FA /* ViewController.swift */; };
		E94C9CE12B6B3D2000DE77FA /* Main.storyboard in Resources */ = {isa = PBXBuildFile; fileRef = E94C9CDF2B6B3D2000DE77FA /* Main.storyboard */; };
		E94C9CE32B6B3D2200DE77FA /* Assets.xcassets in Resources */ = {isa = PBXBuildFile; fileRef = E94C9CE22B6B3D2200DE77FA /* Assets.xcassets */; };
		E94C9CE62B6B3D2200DE77FA /* LaunchScreen.storyboard in Resources */ = {isa = PBXBuildFile; fileRef = E94C9CE42B6B3D2200DE77FA /* LaunchScreen.storyboard */; };
		E94C9CF12B6B3D2200DE77FA /* I_am_RichTests.swift in Sources */ = {isa = PBXBuildFile; fileRef = E94C9CF02B6B3D2200DE77FA /* I_am_RichTests.swift */; };
		E94C9CFB2B6B3D2200DE77FA /* I_am_RichUITests.swift in Sources */ = {isa = PBXBuildFile; fileRef = E94C9CFA2B6B3D2200DE77FA /* I_am_RichUITests.swift */; };
		E94C9CFD2B6B3D2200DE77FA /* I_am_RichUITestsLaunchTests.swift in Sources */ = {isa = PBXBuildFile; fileRef = E94C9CFC2B6B3D2200DE77FA /* I_am_RichUITestsLaunchTests.swift */; };
/* End PBXBuildFile section */

/* Begin PBXContainerItemProxy section */
		E94C9CED2B6B3D2200DE77FA /* PBXContainerItemProxy */ = {
			isa = PBXContainerItemProxy;
			containerPortal = E94C9CCE2B6B3D2000DE77FA /* Project object */;
			proxyType = 1;
			remoteGlobalIDString = E94C9CD52B6B3D2000DE77FA;
			remoteInfo = "I am Rich";
		};
		E94C9CF72B6B3D2200DE77FA /* PBXContainerItemProxy */ = {
			isa = PBXContainerItemProxy;
			containerPortal = E94C9CCE2B6B3D2000DE77FA /* Project object */;
			proxyType = 1;
			remoteGlobalIDString = E94C9CD52B6B3D2000DE77FA;
			remoteInfo = "I am Rich";
		};
/* End PBXContainerItemProxy section */

/* Begin PBXFileReference section */
		E94C9CD62B6B3D2000DE77FA /* I ❤️ DP.app */ = {isa = PBXFileReference; explicitFileType = wrapper.application; includeInIndex = 0; path = "I ❤️ DP.app"; sourceTree = BUILT_PRODUCTS_DIR; };
		E94C9CD92B6B3D2000DE77FA /* AppDelegate.swift */ = {isa = PBXFileReference; lastKnownFileType = sourcecode.swift; path = AppDelegate.swift; sourceTree = "<group>"; };
		E94C9CDB2B6B3D2000DE77FA /* SceneDelegate.swift */ = {isa = PBXFileReference; lastKnownFileType = sourcecode.swift; path = SceneDelegate.swift; sourceTree = "<group>"; };
		E94C9CDD2B6B3D2000DE77FA /* ViewController.swift */ = {isa = PBXFileReference; lastKnownFileType = sourcecode.swift; path = ViewController.swift; sourceTree = "<group>"; };
		E94C9CE02B6B3D2000DE77FA /* Base */ = {isa = PBXFileReference; lastKnownFileType = file.storyboard; name = Base; path = Base.lproj/Main.storyboard; sourceTree = "<group>"; };
		E94C9CE22B6B3D2200DE77FA /* Assets.xcassets */ = {isa = PBXFileReference; lastKnownFileType = folder.assetcatalog; path = Assets.xcassets; sourceTree = "<group>"; };
		E94C9CE52B6B3D2200DE77FA /* Base */ = {isa = PBXFileReference; lastKnownFileType = file.storyboard; name = Base; path = Base.lproj/LaunchScreen.storyboard; sourceTree = "<group>"; };
		E94C9CE72B6B3D2200DE77FA /* Info.plist */ = {isa = PBXFileReference; lastKnownFileType = text.plist.xml; path = Info.plist; sourceTree = "<group>"; };
		E94C9CEC2B6B3D2200DE77FA /* I ❤️ DPTests.xctest */ = {isa = PBXFileReference; explicitFileType = wrapper.cfbundle; includeInIndex = 0; path = "I ❤️ DPTests.xctest"; sourceTree = BUILT_PRODUCTS_DIR; };
		E94C9CF02B6B3D2200DE77FA /* I_am_RichTests.swift */ = {isa = PBXFileReference; lastKnownFileType = sourcecode.swift; path = I_am_RichTests.swift; sourceTree = "<group>"; };
		E94C9CF62B6B3D2200DE77FA /* I ❤️ DPUITests.xctest */ = {isa = PBXFileReference; explicitFileType = wrapper.cfbundle; includeInIndex = 0; path = "I ❤️ DPUITests.xctest"; sourceTree = BUILT_PRODUCTS_DIR; };
		E94C9CFA2B6B3D2200DE77FA /* I_am_RichUITests.swift */ = {isa = PBXFileReference; lastKnownFileType = sourcecode.swift; path = I_am_RichUITests.swift; sourceTree = "<group>"; };
		E94C9CFC2B6B3D2200DE77FA /* I_am_RichUITestsLaunchTests.swift */ = {isa = PBXFileReference; lastKnownFileType = sourcecode.swift; path = I_am_RichUITestsLaunchTests.swift; sourceTree = "<group>"; };
/* End PBXFileReference section */

/* Begin PBXFrameworksBuildPhase section */
		E94C9CD32B6B3D2000DE77FA /* Frameworks */ = {
			isa = PBXFrameworksBuildPhase;
			buildActionMask = 2147483647;
			files = (
			);
			runOnlyForDeploymentPostprocessing = 0;
		};
		E94C9CE92B6B3D2200DE77FA /* Frameworks */ = {
			isa = PBXFrameworksBuildPhase;
			buildActionMask = 2147483647;
			files = (
			);
			runOnlyForDeploymentPostprocessing = 0;
		};
		E94C9CF32B6B3D2200DE77FA /* Frameworks */ = {
			isa = PBXFrameworksBuildPhase;
			buildActionMask = 2147483647;
			files = (
			);
			runOnlyForDeploymentPostprocessing = 0;
		};
/* End PBXFrameworksBuildPhase section */

/* Begin PBXGroup section */
		E94C9CCD2B6B3D2000DE77FA = {
			isa = PBXGroup;
			children = (
				E94C9CD82B6B3D2000DE77FA /* I am Rich */,
				E94C9CEF2B6B3D2200DE77FA /* I am RichTests */,
				E94C9CF92B6B3D2200DE77FA /* I am RichUITests */,
				E94C9CD72B6B3D2000DE77FA /* Products */,
			);
			sourceTree = "<group>";
		};
		E94C9CD72B6B3D2000DE77FA /* Products */ = {
			isa = PBXGroup;
			children = (
				E94C9CD62B6B3D2000DE77FA /* I ❤️ DP.app */,
				E94C9CEC2B6B3D2200DE77FA /* I ❤️ DPTests.xctest */,
				E94C9CF62B6B3D2200DE77FA /* I ❤️ DPUITests.xctest */,
			);
			name = Products;
			sourceTree = "<group>";
		};
		E94C9CD82B6B3D2000DE77FA /* I am Rich */ = {
			isa = PBXGroup;
			children = (
				E94C9CD92B6B3D2000DE77FA /* AppDelegate.swift */,
				E94C9CDB2B6B3D2000DE77FA /* SceneDelegate.swift */,
				E94C9CDD2B6B3D2000DE77FA /* ViewController.swift */,
				E94C9CDF2B6B3D2000DE77FA /* Main.storyboard */,
				E94C9CE22B6B3D2200DE77FA /* Assets.xcassets */,
				E94C9CE42B6B3D2200DE77FA /* LaunchScreen.storyboard */,
				E94C9CE72B6B3D2200DE77FA /* Info.plist */,
			);
			path = "I am Rich";
			sourceTree = "<group>";
		};
		E94C9CEF2B6B3D2200DE77FA /* I am RichTests */ = {
			isa = PBXGroup;
			children = (
				E94C9CF02B6B3D2200DE77FA /* I_am_RichTests.swift */,
			);
			path = "I am RichTests";
			sourceTree = "<group>";
		};
		E94C9CF92B6B3D2200DE77FA /* I am RichUITests */ = {
			isa = PBXGroup;
			children = (
				E94C9CFA2B6B3D2200DE77FA /* I_am_RichUITests.swift */,
				E94C9CFC2B6B3D2200DE77FA /* I_am_RichUITestsLaunchTests.swift */,
			);
			path = "I am RichUITests";
			sourceTree = "<group>";
		};
/* End PBXGroup section */

/* Begin PBXNativeTarget section */
		E94C9CD52B6B3D2000DE77FA /* I ❤️ DP */ = {
			isa = PBXNativeTarget;
			buildConfigurationList = E94C9D002B6B3D2200DE77FA /* Build configuration list for PBXNativeTarget "I ❤️ DP" */;
			buildPhases = (
				E94C9CD22B6B3D2000DE77FA /* Sources */,
				E94C9CD32B6B3D2000DE77FA /* Frameworks */,
				E94C9CD42B6B3D2000DE77FA /* Resources */,
			);
			buildRules = (
			);
			dependencies = (
			);
			name = "I ❤️ DP";
			productName = "I am Rich";
			productReference = E94C9CD62B6B3D2000DE77FA /* I ❤️ DP.app */;
			productType = "com.apple.product-type.application";
		};
		E94C9CEB2B6B3D2200DE77FA /* I ❤️ DPTests */ = {
			isa = PBXNativeTarget;
			buildConfigurationList = E94C9D032B6B3D2200DE77FA /* Build configuration list for PBXNativeTarget "I ❤️ DPTests" */;
			buildPhases = (
				E94C9CE82B6B3D2200DE77FA /* Sources */,
				E94C9CE92B6B3D2200DE77FA /* Frameworks */,
				E94C9CEA2B6B3D2200DE77FA /* Resources */,
			);
			buildRules = (
			);
			dependencies = (
				E94C9CEE2B6B3D2200DE77FA /* PBXTargetDependency */,
			);
			name = "I ❤️ DPTests";
			productName = "I am RichTests";
			productReference = E94C9CEC2B6B3D2200DE77FA /* I ❤️ DPTests.xctest */;
			productType = "com.apple.product-type.bundle.unit-test";
		};
		E94C9CF52B6B3D2200DE77FA /* I ❤️ DPUITests */ = {
			isa = PBXNativeTarget;
			buildConfigurationList = E94C9D062B6B3D2200DE77FA /* Build configuration list for PBXNativeTarget "I ❤️ DPUITests" */;
			buildPhases = (
				E94C9CF22B6B3D2200DE77FA /* Sources */,
				E94C9CF32B6B3D2200DE77FA /* Frameworks */,
				E94C9CF42B6B3D2200DE77FA /* Resources */,
			);
			buildRules = (
			);
			dependencies = (
				E94C9CF82B6B3D2200DE77FA /* PBXTargetDependency */,
			);
			name = "I ❤️ DPUITests";
			productName = "I am RichUITests";
			productReference = E94C9CF62B6B3D2200DE77FA /* I ❤️ DPUITests.xctest */;
			productType = "com.apple.product-type.bundle.ui-testing";
		};
/* End PBXNativeTarget section */

/* Begin PBXProject section */
		E94C9CCE2B6B3D2000DE77FA /* Project object */ = {
			isa = PBXProject;
			attributes = {
				BuildIndependentTargetsInParallel = 1;
				LastSwiftUpdateCheck = 1520;
				LastUpgradeCheck = 1520;
				TargetAttributes = {
					E94C9CD52B6B3D2000DE77FA = {
						CreatedOnToolsVersion = 15.2;
					};
					E94C9CEB2B6B3D2200DE77FA = {
						CreatedOnToolsVersion = 15.2;
						TestTargetID = E94C9CD52B6B3D2000DE77FA;
					};
					E94C9CF52B6B3D2200DE77FA = {
						CreatedOnToolsVersion = 15.2;
						TestTargetID = E94C9CD52B6B3D2000DE77FA;
					};
				};
			};
			buildConfigurationList = E94C9CD12B6B3D2000DE77FA /* Build configuration list for PBXProject "I ❤️ DP" */;
			compatibilityVersion = "Xcode 14.0";
			developmentRegion = en;
			hasScannedForEncodings = 0;
			knownRegions = (
				en,
				Base,
			);
			mainGroup = E94C9CCD2B6B3D2000DE77FA;
			productRefGroup = E94C9CD72B6B3D2000DE77FA /* Products */;
			projectDirPath = "";
			projectRoot = "";
			targets = (
				E94C9CD52B6B3D2000DE77FA /* I ❤️ DP */,
				E94C9CEB2B6B3D2200DE77FA /* I ❤️ DPTests */,
				E94C9CF52B6B3D2200DE77FA /* I ❤️ DPUITests */,
			);
		};
/* End PBXProject section */

/* Begin PBXResourcesBuildPhase section */
		E94C9CD42B6B3D2000DE77FA /* Resources */ = {
			isa = PBXResourcesBuildPhase;
			buildActionMask = 2147483647;
			files = (
				E94C9CE62B6B3D2200DE77FA /* LaunchScreen.storyboard in Resources */,
				E94C9CE32B6B3D2200DE77FA /* Assets.xcassets in Resources */,
				E94C9CE12B6B3D2000DE77FA /* Main.storyboard in Resources */,
			);
			runOnlyForDeploymentPostprocessing = 0;
		};
		E94C9CEA2B6B3D2200DE77FA /* Resources */ = {
			isa = PBXResourcesBuildPhase;
			buildActionMask = 2147483647;
			files = (
			);
			runOnlyForDeploymentPostprocessing = 0;
		};
		E94C9CF42B6B3D2200DE77FA /* Resources */ = {
			isa = PBXResourcesBuildPhase;
			buildActionMask = 2147483647;
			files = (
			);
			runOnlyForDeploymentPostprocessing = 0;
		};
/* End PBXResourcesBuildPhase section */

/* Begin PBXSourcesBuildPhase section */
		E94C9CD22B6B3D2000DE77FA /* Sources */ = {
			isa = PBXSourcesBuildPhase;
			buildActionMask = 2147483647;
			files = (
				E94C9CDE2B6B3D2000DE77FA /* ViewController.swift in Sources */,
				E94C9CDA2B6B3D2000DE77FA /* AppDelegate.swift in Sources */,
				E94C9CDC2B6B3D2000DE77FA /* SceneDelegate.swift in Sources */,
			);
			runOnlyForDeploymentPostprocessing = 0;
		};
		E94C9CE82B6B3D2200DE77FA /* Sources */ = {
			isa = PBXSourcesBuildPhase;
			buildActionMask = 2147483647;
			files = (
				E94C9CF12B6B3D2200DE77FA /* I_am_RichTests.swift in Sources */,
			);
			runOnlyForDeploymentPostprocessing = 0;
		};
		E94C9CF22B6B3D2200DE77FA /* Sources */ = {
			isa = PBXSourcesBuildPhase;
			buildActionMask = 2147483647;
			files = (
				E94C9CFD2B6B3D2200DE77FA /* I_am_RichUITestsLaunchTests.swift in Sources */,
				E94C9CFB2B6B3D2200DE77FA /* I_am_RichUITests.swift in Sources */,
			);
			runOnlyForDeploymentPostprocessing = 0;
		};
/* End PBXSourcesBuildPhase section */

/* Begin PBXTargetDependency section */
		E94C9CEE2B6B3D2200DE77FA /* PBXTargetDependency */ = {
			isa = PBXTargetDependency;
			target = E94C9CD52B6B3D2000DE77FA /* I ❤️ DP */;
			targetProxy = E94C9CED2B6B3D2200DE77FA /* PBXContainerItemProxy */;
		};
		E94C9CF82B6B3D2200DE77FA /* PBXTargetDependency */ = {
			isa = PBXTargetDependency;
			target = E94C9CD52B6B3D2000DE77FA /* I ❤️ DP */;
			targetProxy = E94C9CF72B6B3D2200DE77FA /* PBXContainerItemProxy */;
		};
/* End PBXTargetDependency section */

/* Begin PBXVariantGroup section */
		E94C9CDF2B6B3D2000DE77FA /* Main.storyboard */ = {
			isa = PBXVariantGroup;
			children = (
				E94C9CE02B6B3D2000DE77FA /* Base */,
			);
			name = Main.storyboard;
			sourceTree = "<group>";
		};
		E94C9CE42B6B3D2200DE77FA /* LaunchScreen.storyboard */ = {
			isa = PBXVariantGroup;
			children = (
				E94C9CE52B6B3D2200DE77FA /* Base */,
			);
			name = LaunchScreen.storyboard;
			sourceTree = "<group>";
		};
/* End PBXVariantGroup section */

/* Begin XCBuildConfiguration section */
		E94C9CFE2B6B3D2200DE77FA /* Debug */ = {
			isa = XCBuildConfiguration;
			buildSettings = {
				ALWAYS_SEARCH_USER_PATHS = NO;
				ASSETCATALOG_COMPILER_GENERATE_SWIFT_ASSET_SYMBOL_EXTENSIONS = YES;
				CLANG_ANALYZER_NONNULL = YES;
				CLANG_ANALYZER_NUMBER_OBJECT_CONVERSION = YES_AGGRESSIVE;
				CLANG_CXX_LANGUAGE_STANDARD = "gnu++20";
				CLANG_ENABLE_MODULES = YES;
				CLANG_ENABLE_OBJC_ARC = YES;
				CLANG_ENABLE_OBJC_WEAK = YES;
				CLANG_WARN_BLOCK_CAPTURE_AUTORELEASING = YES;
				CLANG_WARN_BOOL_CONVERSION = YES;
				CLANG_WARN_COMMA = YES;
				CLANG_WARN_CONSTANT_CONVERSION = YES;
				CLANG_WARN_DEPRECATED_OBJC_IMPLEMENTATIONS = YES;
				CLANG_WARN_DIRECT_OBJC_ISA_USAGE = YES_ERROR;
				CLANG_WARN_DOCUMENTATION_COMMENTS = YES;
				CLANG_WARN_EMPTY_BODY = YES;
				CLANG_WARN_ENUM_CONVERSION = YES;
				CLANG_WARN_INFINITE_RECURSION = YES;
				CLANG_WARN_INT_CONVERSION = YES;
				CLANG_WARN_NON_LITERAL_NULL_CONVERSION = YES;
				CLANG_WARN_OBJC_IMPLICIT_RETAIN_SELF = YES;
				CLANG_WARN_OBJC_LITERAL_CONVERSION = YES;
				CLANG_WARN_OBJC_ROOT_CLASS = YES_ERROR;
				CLANG_WARN_QUOTED_INCLUDE_IN_FRAMEWORK_HEADER = YES;
				CLANG_WARN_RANGE_LOOP_ANALYSIS = YES;
				CLANG_WARN_STRICT_PROTOTYPES = YES;
				CLANG_WARN_SUSPICIOUS_MOVE = YES;
				CLANG_WARN_UNGUARDED_AVAILABILITY = YES_AGGRESSIVE;
				CLANG_WARN_UNREACHABLE_CODE = YES;
				CLANG_WARN__DUPLICATE_METHOD_MATCH = YES;
				COPY_PHASE_STRIP = NO;
				DEBUG_INFORMATION_FORMAT = dwarf;
				ENABLE_STRICT_OBJC_MSGSEND = YES;
				ENABLE_TESTABILITY = YES;
				ENABLE_USER_SCRIPT_SANDBOXING = YES;
				GCC_C_LANGUAGE_STANDARD = gnu17;
				GCC_DYNAMIC_NO_PIC = NO;
				GCC_NO_COMMON_BLOCKS = YES;
				GCC_OPTIMIZATION_LEVEL = 0;
				GCC_PREPROCESSOR_DEFINITIONS = (
					"DEBUG=1",
					"$(inherited)",
				);
				GCC_WARN_64_TO_32_BIT_CONVERSION = YES;
				GCC_WARN_ABOUT_RETURN_TYPE = YES_ERROR;
				GCC_WARN_UNDECLARED_SELECTOR = YES;
				GCC_WARN_UNINITIALIZED_AUTOS = YES_AGGRESSIVE;
				GCC_WARN_UNUSED_FUNCTION = YES;
				GCC_WARN_UNUSED_VARIABLE = YES;
				IPHONEOS_DEPLOYMENT_TARGET = 17.2;
				LOCALIZATION_PREFERS_STRING_CATALOGS = YES;
				MTL_ENABLE_DEBUG_INFO = INCLUDE_SOURCE;
				MTL_FAST_MATH = YES;
				ONLY_ACTIVE_ARCH = YES;
				SDKROOT = iphoneos;
				SWIFT_ACTIVE_COMPILATION_CONDITIONS = "DEBUG $(inherited)";
				SWIFT_OPTIMIZATION_LEVEL = "-Onone";
			};
			name = Debug;
		};
		E94C9CFF2B6B3D2200DE77FA /* Release */ = {
			isa = XCBuildConfiguration;
			buildSettings = {
				ALWAYS_SEARCH_USER_PATHS = NO;
				ASSETCATALOG_COMPILER_GENERATE_SWIFT_ASSET_SYMBOL_EXTENSIONS = YES;
				CLANG_ANALYZER_NONNULL = YES;
				CLANG_ANALYZER_NUMBER_OBJECT_CONVERSION = YES_AGGRESSIVE;
				CLANG_CXX_LANGUAGE_STANDARD = "gnu++20";
				CLANG_ENABLE_MODULES = YES;
				CLANG_ENABLE_OBJC_ARC = YES;
				CLANG_ENABLE_OBJC_WEAK = YES;
				CLANG_WARN_BLOCK_CAPTURE_AUTORELEASING = YES;
				CLANG_WARN_BOOL_CONVERSION = YES;
				CLANG_WARN_COMMA = YES;
				CLANG_WARN_CONSTANT_CONVERSION = YES;
				CLANG_WARN_DEPRECATED_OBJC_IMPLEMENTATIONS = YES;
				CLANG_WARN_DIRECT_OBJC_ISA_USAGE = YES_ERROR;
				CLANG_WARN_DOCUMENTATION_COMMENTS = YES;
				CLANG_WARN_EMPTY_BODY = YES;
				CLANG_WARN_ENUM_CONVERSION = YES;
				CLANG_WARN_INFINITE_RECURSION = YES;
				CLANG_WARN_INT_CONVERSION = YES;
				CLANG_WARN_NON_LITERAL_NULL_CONVERSION = YES;
				CLANG_WARN_OBJC_IMPLICIT_RETAIN_SELF = YES;
				CLANG_WARN_OBJC_LITERAL_CONVERSION = YES;
				CLANG_WARN_OBJC_ROOT_CLASS = YES_ERROR;
				CLANG_WARN_QUOTED_INCLUDE_IN_FRAMEWORK_HEADER = YES;
				CLANG_WARN_RANGE_LOOP_ANALYSIS = YES;
				CLANG_WARN_STRICT_PROTOTYPES = YES;
				CLANG_WARN_SUSPICIOUS_MOVE = YES;
				CLANG_WARN_UNGUARDED_AVAILABILITY = YES_AGGRESSIVE;
				CLANG_WARN_UNREACHABLE_CODE = YES;
				CLANG_WARN__DUPLICATE_METHOD_MATCH = YES;
				COPY_PHASE_STRIP = NO;
				DEBUG_INFORMATION_FORMAT = "dwarf-with-dsym";
				ENABLE_NS_ASSERTIONS = NO;
				ENABLE_STRICT_OBJC_MSGSEND = YES;
				ENABLE_USER_SCRIPT_SANDBOXING = YES;
				GCC_C_LANGUAGE_STANDARD = gnu17;
				GCC_NO_COMMON_BLOCKS = YES;
				GCC_WARN_64_TO_32_BIT_CONVERSION = YES;
				GCC_WARN_ABOUT_RETURN_TYPE = YES_ERROR;
				GCC_WARN_UNDECLARED_SELECTOR = YES;
				GCC_WARN_UNINITIALIZED_AUTOS = YES_AGGRESSIVE;
				GCC_WARN_UNUSED_FUNCTION = YES;
				GCC_WARN_UNUSED_VARIABLE = YES;
				IPHONEOS_DEPLOYMENT_TARGET = 17.2;
				LOCALIZATION_PREFERS_STRING_CATALOGS = YES;
				MTL_ENABLE_DEBUG_INFO = NO;
				MTL_FAST_MATH = YES;
				SDKROOT = iphoneos;
				SWIFT_COMPILATION_MODE = wholemodule;
				VALIDATE_PRODUCT = YES;
			};
			name = Release;
		};
		E94C9D012B6B3D2200DE77FA /* Debug */ = {
			isa = XCBuildConfiguration;
			buildSettings = {
				ASSETCATALOG_COMPILER_APPICON_NAME = AppIcon;
				ASSETCATALOG_COMPILER_GLOBAL_ACCENT_COLOR_NAME = AccentColor;
				CODE_SIGN_STYLE = Automatic;
				CURRENT_PROJECT_VERSION = 1;
				DEVELOPMENT_TEAM = 69C4JPBU98;
				GENERATE_INFOPLIST_FILE = YES;
				INFOPLIST_FILE = "I am Rich/Info.plist";
				INFOPLIST_KEY_UIApplicationSupportsIndirectInputEvents = YES;
				INFOPLIST_KEY_UILaunchStoryboardName = LaunchScreen;
				INFOPLIST_KEY_UIMainStoryboardFile = Main;
				INFOPLIST_KEY_UISupportedInterfaceOrientations = "UIInterfaceOrientationPortrait UIInterfaceOrientationPortraitUpsideDown";
				INFOPLIST_KEY_UISupportedInterfaceOrientations_iPad = "UIInterfaceOrientationLandscapeLeft UIInterfaceOrientationLandscapeRight UIInterfaceOrientationPortrait UIInterfaceOrientationPortraitUpsideDown";
				IPHONEOS_DEPLOYMENT_TARGET = 16.6;
				LD_RUNPATH_SEARCH_PATHS = (
					"$(inherited)",
					"@executable_path/Frameworks",
				);
				MARKETING_VERSION = 1.0;
				PRODUCT_BUNDLE_IDENTIFIER = "ACE-TECH-LLC.I-am-Rich";
				PRODUCT_NAME = "$(TARGET_NAME)";
				SWIFT_EMIT_LOC_STRINGS = YES;
				SWIFT_VERSION = 5.0;
				TARGETED_DEVICE_FAMILY = "1,2";
			};
			name = Debug;
		};
		E94C9D022B6B3D2200DE77FA /* Release */ = {
			isa = XCBuildConfiguration;
			buildSettings = {
				ASSETCATALOG_COMPILER_APPICON_NAME = AppIcon;
				ASSETCATALOG_COMPILER_GLOBAL_ACCENT_COLOR_NAME = AccentColor;
				CODE_SIGN_STYLE = Automatic;
				CURRENT_PROJECT_VERSION = 1;
				DEVELOPMENT_TEAM = 69C4JPBU98;
				GENERATE_INFOPLIST_FILE = YES;
				INFOPLIST_FILE = "I am Rich/Info.plist";
				INFOPLIST_KEY_UIApplicationSupportsIndirectInputEvents = YES;
				INFOPLIST_KEY_UILaunchStoryboardName = LaunchScreen;
				INFOPLIST_KEY_UIMainStoryboardFile = Main;
				INFOPLIST_KEY_UISupportedInterfaceOrientations = "UIInterfaceOrientationPortrait UIInterfaceOrientationPortraitUpsideDown";
				INFOPLIST_KEY_UISupportedInterfaceOrientations_iPad = "UIInterfaceOrientationLandscapeLeft UIInterfaceOrientationLandscapeRight UIInterfaceOrientationPortrait UIInterfaceOrientationPortraitUpsideDown";
				IPHONEOS_DEPLOYMENT_TARGET = 16.6;
				LD_RUNPATH_SEARCH_PATHS = (
					"$(inherited)",
					"@executable_path/Frameworks",
				);
				MARKETING_VERSION = 1.0;
				PRODUCT_BUNDLE_IDENTIFIER = "ACE-TECH-LLC.I-am-Rich";
				PRODUCT_NAME = "$(TARGET_NAME)";
				SWIFT_EMIT_LOC_STRINGS = YES;
				SWIFT_VERSION = 5.0;
				TARGETED_DEVICE_FAMILY = "1,2";
			};
			name = Release;
		};
		E94C9D042B6B3D2200DE77FA /* Debug */ = {
			isa = XCBuildConfiguration;
			buildSettings = {
				ALWAYS_EMBED_SWIFT_STANDARD_LIBRARIES = YES;
				BUNDLE_LOADER = "$(TEST_HOST)";
				CODE_SIGN_STYLE = Automatic;
				CURRENT_PROJECT_VERSION = 1;
				GENERATE_INFOPLIST_FILE = YES;
				IPHONEOS_DEPLOYMENT_TARGET = 17.2;
				MARKETING_VERSION = 1.0;
				PRODUCT_BUNDLE_IDENTIFIER = "ACE-TECH-LLC.I-am-RichTests";
				PRODUCT_NAME = "$(TARGET_NAME)";
				SWIFT_EMIT_LOC_STRINGS = NO;
				SWIFT_VERSION = 5.0;
				TARGETED_DEVICE_FAMILY = "1,2";
				TEST_HOST = "$(BUILT_PRODUCTS_DIR)/I ❤️ DP.app/$(BUNDLE_EXECUTABLE_FOLDER_PATH)/I ❤️ DP";
			};
			name = Debug;
		};
		E94C9D052B6B3D2200DE77FA /* Release */ = {
			isa = XCBuildConfiguration;
			buildSettings = {
				ALWAYS_EMBED_SWIFT_STANDARD_LIBRARIES = YES;
				BUNDLE_LOADER = "$(TEST_HOST)";
				CODE_SIGN_STYLE = Automatic;
				CURRENT_PROJECT_VERSION = 1;
				GENERATE_INFOPLIST_FILE = YES;
				IPHONEOS_DEPLOYMENT_TARGET = 17.2;
				MARKETING_VERSION = 1.0;
				PRODUCT_BUNDLE_IDENTIFIER = "ACE-TECH-LLC.I-am-RichTests";
				PRODUCT_NAME = "$(TARGET_NAME)";
				SWIFT_EMIT_LOC_STRINGS = NO;
				SWIFT_VERSION = 5.0;
				TARGETED_DEVICE_FAMILY = "1,2";
				TEST_HOST = "$(BUILT_PRODUCTS_DIR)/I ❤️ DP.app/$(BUNDLE_EXECUTABLE_FOLDER_PATH)/I ❤️ DP";
			};
			name = Release;
		};
		E94C9D072B6B3D2200DE77FA /* Debug */ = {
			isa = XCBuildConfiguration;
			buildSettings = {
				ALWAYS_EMBED_SWIFT_STANDARD_LIBRARIES = YES;
				CODE_SIGN_STYLE = Automatic;
				CURRENT_PROJECT_VERSION = 1;
				GENERATE_INFOPLIST_FILE = YES;
				MARKETING_VERSION = 1.0;
				PRODUCT_BUNDLE_IDENTIFIER = "ACE-TECH-LLC.I-am-RichUITests";
				PRODUCT_NAME = "$(TARGET_NAME)";
				SWIFT_EMIT_LOC_STRINGS = NO;
				SWIFT_VERSION = 5.0;
				TARGETED_DEVICE_FAMILY = "1,2";
				TEST_TARGET_NAME = "I am Rich";
			};
			name = Debug;
		};
		E94C9D082B6B3D2200DE77FA /* Release */ = {
			isa = XCBuildConfiguration;
			buildSettings = {
				ALWAYS_EMBED_SWIFT_STANDARD_LIBRARIES = YES;
				CODE_SIGN_STYLE = Automatic;
				CURRENT_PROJECT_VERSION = 1;
				GENERATE_INFOPLIST_FILE = YES;
				MARKETING_VERSION = 1.0;
				PRODUCT_BUNDLE_IDENTIFIER = "ACE-TECH-LLC.I-am-RichUITests";
				PRODUCT_NAME = "$(TARGET_NAME)";
				SWIFT_EMIT_LOC_STRINGS = NO;
				SWIFT_VERSION = 5.0;
				TARGETED_DEVICE_FAMILY = "1,2";
				TEST_TARGET_NAME = "I am Rich";
			};
			name = Release;
		};
/* End XCBuildConfiguration section */

/* Begin XCConfigurationList section */
		E94C9CD12B6B3D2000DE77FA /* Build configuration list for PBXProject "I ❤️ DP" */ = {
			isa = XCConfigurationList;
			buildConfigurations = (
				E94C9CFE2B6B3D2200DE77FA /* Debug */,
				E94C9CFF2B6B3D2200DE77FA /* Release */,
			);
			defaultConfigurationIsVisible = 0;
			defaultConfigurationName = Release;
		};
		E94C9D002B6B3D2200DE77FA /* Build configuration list for PBXNativeTarget "I ❤️ DP" */ = {
			isa = XCConfigurationList;
			buildConfigurations = (
				E94C9D012B6B3D2200DE77FA /* Debug */,
				E94C9D022B6B3D2200DE77FA /* Release */,
			);
			defaultConfigurationIsVisible = 0;
			defaultConfigurationName = Release;
		};
		E94C9D032B6B3D2200DE77FA /* Build configuration list for PBXNativeTarget "I ❤️ DPTests" */ = {
			isa = XCConfigurationList;
			buildConfigurations = (
				E94C9D042B6B3D2200DE77FA /* Debug */,
				E94C9D052B6B3D2200DE77FA /* Release */,
			);
			defaultConfigurationIsVisible = 0;
			defaultConfigurationName = Release;
		};
		E94C9D062B6B3D2200DE77FA /* Build configuration list for PBXNativeTarget "I ❤️ DPUITests" */ = {
			isa = XCConfigurationList;
			buildConfigurations = (
				E94C9D072B6B3D2200DE77FA /* Debug */,
				E94C9D082B6B3D2200DE77FA /* Release */,
			);
			defaultConfigurationIsVisible = 0;
			defaultConfigurationName = Release;
		};
/* End XCConfigurationList section */
	};
	rootObject = E94C9CCE2B6B3D2000DE77FA /* Project object */;
}
